{
  "name": "@topogram/template-todo",
  "version": "0.1.37",
  "lockfileVersion": 3,
  "requires": true,
  "packages": {
    "": {
      "name": "@topogram/template-todo",
      "version": "0.1.37",
      "license": "UNLICENSED",
      "devDependencies": {
        "@topogram/cli": "^0.3.62",
        "@topogram/generator-hono-api": "0.2.9",
        "@topogram/generator-postgres-db": "0.1.7",
        "@topogram/generator-react-web": "^0.1.8",
        "@topogram/generator-sveltekit-web": "^0.1.19"
      }
    },
    "node_modules/@topogram/cli": {
      "version": "0.3.62",
      "resolved": "https://registry.npmjs.org/@topogram/cli/-/cli-0.3.62.tgz",
      "integrity": "sha512-wub1extMY93sLkO+4MN1046j1KkQcV+Wt8coj/ix7tja6b17WtyLpVobzZ9cmTvsOAYZe88HcKi14xTBdGsoMg==",
      "dev": true,
      "license": "Apache-2.0",
      "bin": {
        "topogram": "src/cli.js"
      },
      "engines": {
        "node": ">=20"
      }
    },
    "node_modules/@topogram/generator-hono-api": {
      "version": "0.2.9",
      "resolved": "https://registry.npmjs.org/@topogram/generator-hono-api/-/generator-hono-api-0.2.9.tgz",
      "integrity": "sha512-JTW7LFKcfEQxzfS6FgkFxuipuaHU7Ijve+KxzTcY2d6OAQ+S/DXyqR+XgvaUfcuWrfzalvEJr/2DKYV9xhGCVQ==",
      "dev": true,
      "license": "UNLICENSED"
    },
    "node_modules/@topogram/generator-postgres-db": {
      "version": "0.1.7",
      "resolved": "https://registry.npmjs.org/@topogram/generator-postgres-db/-/generator-postgres-db-0.1.7.tgz",
      "integrity": "sha512-V5+h9CZpY8YiWe2rYDApJqzZKcUxlzx0ckAff1IHM4QNryoe+wOr9pL6bPLN9+dNKoU3t7uWMDFtnI5GMIEFow==",
      "dev": true,
      "license": "UNLICENSED"
    },
    "node_modules/@topogram/generator-react-web": {
      "version": "0.1.8",
      "resolved": "https://registry.npmjs.org/@topogram/generator-react-web/-/generator-react-web-0.1.8.tgz",
      "integrity": "sha512-8/u1YB5/kAnbPMOfOHYj+wlfF+yU2bYCc/KSCviTuR2i0gO0MiLtpF5BnL8lneBqFmCXqUmw7Ut9T8hYtpL7zg==",
      "dev": true,
      "license": "UNLICENSED"
    },
    "node_modules/@topogram/generator-sveltekit-web": {
      "version": "0.1.19",
      "resolved": "https://registry.npmjs.org/@topogram/generator-sveltekit-web/-/generator-sveltekit-web-0.1.19.tgz",
      "integrity": "sha512-rOE5I91emFDs6wClPqd2v+VpioslwB/+57wSCSp54ALTbGLnVo6X+UUVbPn11PoGz40PvEIAdJ6GHNZq++EGWA==",
      "dev": true,
      "license": "UNLICENSED"
    }
  }
}
