{
  "name": "@attebury/topogram-template-todo",
  "version": "0.1.14",
  "lockfileVersion": 3,
  "requires": true,
  "packages": {
    "": {
      "name": "@attebury/topogram-template-todo",
      "version": "0.1.14",
      "license": "UNLICENSED",
      "devDependencies": {
        "@attebury/topogram": "^0.3.16",
        "@attebury/topogram-generator-hono-api": "^0.2.2",
        "@attebury/topogram-generator-postgres-db": "^0.1.2",
        "@attebury/topogram-generator-sveltekit-web": "^0.1.4"
      }
    },
    "node_modules/@attebury/topogram": {
      "version": "0.3.16",
      "resolved": "https://npm.pkg.github.com/download/@attebury/topogram/0.3.16/d6076d112fe2f6c6282e8d218ddaa4bdae6bb254",
      "integrity": "sha512-NcW03ht9kACvsqZsHoNdX5t+f4VQahOWcI8BrNlqE4L8q5yv8UP4NVh0/V4y8PXqdxnj4Gs7TREAG2VPpqdqSQ==",
      "dev": true,
      "license": "Apache-2.0",
      "bin": {
        "topogram": "src/cli.js"
      },
      "engines": {
        "node": ">=20"
      }
    },
    "node_modules/@attebury/topogram-generator-hono-api": {
      "version": "0.2.2",
      "resolved": "https://npm.pkg.github.com/download/@attebury/topogram-generator-hono-api/0.2.2/dd67ed078a0effcb6adbc4817b94023756452715",
      "integrity": "sha512-CkLfo6gII8OoCm9UjM8Ss2zNNBIqVpJ9z93B4lECP8ODsrgC5jB3iDyZrvJ0XTkoyoW/nkhlciZM0/S54cjdqw==",
      "dev": true,
      "license": "UNLICENSED"
    },
    "node_modules/@attebury/topogram-generator-postgres-db": {
      "version": "0.1.2",
      "resolved": "https://npm.pkg.github.com/download/@attebury/topogram-generator-postgres-db/0.1.2/ee02d7a76706731181987f6f3bd01fcfea4ca2f8",
      "integrity": "sha512-K6DDuUo8ozIUPPY++Jfj/HND26Zf9FHp7lNV0ulKjfmosVFgzUVtKoUxOmpmj9l6tG4K9EjL+0MEQim0pwy/+w==",
      "dev": true,
      "license": "UNLICENSED"
    },
    "node_modules/@attebury/topogram-generator-sveltekit-web": {
      "version": "0.1.4",
      "resolved": "https://npm.pkg.github.com/download/@attebury/topogram-generator-sveltekit-web/0.1.4/8944c8b4307aa4d5f8948e33b320f1c2e34c7efb",
      "integrity": "sha512-WRP5eVJvUxRytS9U8zwFW6mHWpRZTfkGJbe9/tpvP5GaapxA61uOpZOwdbNz5jyF3bjS6qnj783pPNVJ3n9GuQ==",
      "dev": true,
      "license": "UNLICENSED"
    }
  }
}
