{
  "name": "@topogram/template-todo",
  "version": "0.1.34",
  "lockfileVersion": 3,
  "requires": true,
  "packages": {
    "": {
      "name": "@topogram/template-todo",
      "version": "0.1.34",
      "license": "UNLICENSED",
      "devDependencies": {
        "@topogram/cli": "^0.3.54",
        "@topogram/generator-hono-api": "0.2.8",
        "@topogram/generator-postgres-db": "0.1.7",
        "@topogram/generator-sveltekit-web": "0.1.17"
      }
    },
    "node_modules/@topogram/cli": {
      "version": "0.3.54",
      "resolved": "https://registry.npmjs.org/@topogram/cli/-/cli-0.3.54.tgz",
      "integrity": "sha512-GiYgG0OIDppIw4sJUa3UFc4aNOG8j20bixZqOjVeGLz6IPKwUQ26rNx464o26df9T2/FeWsOvp6MEteFNO/hoQ==",
      "dev": true,
      "license": "Apache-2.0",
      "bin": {
        "topogram": "src/cli.js"
      },
      "engines": {
        "node": ">=20"
      }
    },
    "node_modules/@topogram/generator-hono-api": {
      "version": "0.2.8",
      "resolved": "https://registry.npmjs.org/@topogram/generator-hono-api/-/generator-hono-api-0.2.8.tgz",
      "integrity": "sha512-Wjds3IaI5Q4v+Kvre8falQci+cZv4V8E/8xdBBNAVBmbkdlSChl4EaMHdpOF5uvWTyRQBUwzN6BGO/5pt8jNUg==",
      "dev": true,
      "license": "UNLICENSED"
    },
    "node_modules/@topogram/generator-postgres-db": {
      "version": "0.1.7",
      "resolved": "https://registry.npmjs.org/@topogram/generator-postgres-db/-/generator-postgres-db-0.1.7.tgz",
      "integrity": "sha512-V5+h9CZpY8YiWe2rYDApJqzZKcUxlzx0ckAff1IHM4QNryoe+wOr9pL6bPLN9+dNKoU3t7uWMDFtnI5GMIEFow==",
      "dev": true,
      "license": "UNLICENSED"
    },
    "node_modules/@topogram/generator-sveltekit-web": {
      "version": "0.1.17",
      "resolved": "https://registry.npmjs.org/@topogram/generator-sveltekit-web/-/generator-sveltekit-web-0.1.17.tgz",
      "integrity": "sha512-S+Ehn0HeNfwYURt9vaK3K3eGqz2q5UaI8jSOc7CNdW6+ksir0c9hP3biG77KBUlYmqsd/p0dKur3o87B7SqI1g==",
      "dev": true,
      "license": "UNLICENSED"
    }
  }
}
